Microsoft Visual Studio Solution File, Format Version 12.00
# Visual Studio Version 17
VisualStudioVersion = 17.5.2.0
MinimumVisualStudioVersion = 10.0.40219.1
Project("{FAE04EC0-301F-11D3-BF4B-00C04F79EFBC}") = "VehicleInsuranceAPI", "VehicleInsuranceAPI.csproj", "{001D1A68-07E2-BDE4-B016-564A5BDCF20F}"
EndProject
Global
	GlobalSection(SolutionConfigurationPlatforms) = preSolution
		Debug|Any CPU = Debug|Any CPU
		Release|Any CPU = Release|Any CPU
	EndGlobalSection
	GlobalSection(ProjectConfigurationPlatforms) = postSolution
		{001D1A68-07E2-BDE4-B016-564A5BDCF20F}.Debug|Any CPU.ActiveCfg = Debug|Any CPU
		{001D1A68-07E2-BDE4-B016-564A5BDCF20F}.Debug|Any CPU.Build.0 = Debug|Any CPU
		{001D1A68-07E2-BDE4-B016-564A5BDCF20F}.Release|Any CPU.ActiveCfg = Release|Any CPU
		{001D1A68-07E2-BDE4-B016-564A5BDCF20F}.Release|Any CPU.Build.0 = Release|Any CPU
	EndGlobalSection
	GlobalSection(SolutionProperties) = preSolution
		HideSolutionNode = FALSE
	EndGlobalSection
	GlobalSection(ExtensibilityGlobals) = postSolution
		SolutionGuid = {28DBB147-5139-48C1-9589-E8B4DB35C67E}
	EndGlobalSection
EndGlobal
